
Microsoft Visual Studio Solution File, Format Version 12.00
# Visual Studio Version 17
VisualStudioVersion = 17.3.32929.385
MinimumVisualStudioVersion = 10.0.40219.1
Project("{FAE04EC0-301F-11D3-BF4B-00C04F79EFBC}") = "shoppingListLab", "shoppingListLab\shoppingListLab.csproj", "{D04F04BD-9F71-451D-B525-92A5A5F987F3}"
EndProject
Global
	GlobalSection(SolutionConfigurationPlatforms) = preSolution
		Debug|Any CPU = Debug|Any CPU
		Release|Any CPU = Release|Any CPU
	EndGlobalSection
	GlobalSection(ProjectConfigurationPlatforms) = postSolution
		{D04F04BD-9F71-451D-B525-92A5A5F987F3}.Debug|Any CPU.ActiveCfg = Debug|Any CPU
		{D04F04BD-9F71-451D-B525-92A5A5F987F3}.Debug|Any CPU.Build.0 = Debug|Any CPU
		{D04F04BD-9F71-451D-B525-92A5A5F987F3}.Release|Any CPU.ActiveCfg = Release|Any CPU
		{D04F04BD-9F71-451D-B525-92A5A5F987F3}.Release|Any CPU.Build.0 = Release|Any CPU
	EndGlobalSection
	GlobalSection(SolutionProperties) = preSolution
		HideSolutionNode = FALSE
	EndGlobalSection
	GlobalSection(ExtensibilityGlobals) = postSolution
		SolutionGuid = {5A6088CA-7500-4529-927B-94488DA1D39F}
	EndGlobalSection
EndGlobal
